{
  "nodes": {
    "explo-src": {
      "flake": false,
      "locked": {
        "narHash": "sha256-6V4sig0/QpEW7VKIIxp/5g72QZvUJvYvJO02dYWywmY=",
        "type": "file",
        "url": "https://github.com/LumePart/Explo/releases/latest/download/explo-linux-amd64"
      },
      "original": {
        "type": "file",
        "url": "https://github.com/LumePart/Explo/releases/latest/download/explo-linux-amd64"
      }
    },
    "minimalbase": {
      "inputs": {
        "nixpkgs": "nixpkgs"
      },
      "locked": {
        "lastModified": 1782697529,
        "narHash": "sha256-QG21ffdKxSoJ6tz3a/e+rnfaUbykQiFLqRlAUEOSMSA=",
        "owner": "nonrootdocker",
        "repo": "minimalbase",
        "rev": "270721c8e7ca5a4cea3d13be4037140d7806a5b0",
        "type": "github"
      },
      "original": {
        "owner": "nonrootdocker",
        "repo": "minimalbase",
        "type": "github"
      }
    },
    "nixpkgs": {
      "locked": {
        "lastModified": 1782696081,
        "narHash": "sha256-hnvtmFEwxEV8wehWmmwtXNMoMo+2eEaoNw8iF0nInO8=",
        "owner": "NixOS",
        "repo": "nixpkgs",
        "rev": "d6d02feee3f04b50845bc743b58d3b88cd173e5f",
        "type": "github"
      },
      "original": {
        "owner": "NixOS",
        "repo": "nixpkgs",
        "type": "github"
      }
    },
    "root": {
      "inputs": {
        "explo-src": "explo-src",
        "minimalbase": "minimalbase",
        "nixpkgs": [
          "minimalbase",
          "nixpkgs"
        ]
      }
    }
  },
  "root": "root",
  "version": 7
}
