{
  "nodes": {
    "explo-src": {
      "flake": false,
      "locked": {
        "narHash": "sha256-6V4sig0/QpEW7VKIIxp/5g72QZvUJvYvJO02dYWywmY=",
        "type": "file",
        "url": "https://github.com/LumePart/Explo/releases/latest/download/explo-linux-amd64"
      },
      "original": {
        "type": "file",
        "url": "https://github.com/LumePart/Explo/releases/latest/download/explo-linux-amd64"
      }
    },
    "minimalbase": {
      "inputs": {
        "nixpkgs": "nixpkgs"
      },
      "locked": {
        "lastModified": 1784511945,
        "narHash": "sha256-OApR1HBy9NmWH/ud39FlgzrMkKIj9QfS9/EGoWCjxxY=",
        "owner": "nonrootdocker",
        "repo": "minimalbase",
        "rev": "1a20bbfb182f6fa4a09a801bee402b018e4477ec",
        "type": "github"
      },
      "original": {
        "owner": "nonrootdocker",
        "repo": "minimalbase",
        "type": "github"
      }
    },
    "nixpkgs": {
      "locked": {
        "lastModified": 1784508026,
        "narHash": "sha256-EddZoUOq5uckSChPSjUSwDXzF08HLTRf1TcdbqliL/w=",
        "owner": "NixOS",
        "repo": "nixpkgs",
        "rev": "ab62973b0df4351b387e25885abef97201eba365",
        "type": "github"
      },
      "original": {
        "owner": "NixOS",
        "repo": "nixpkgs",
        "type": "github"
      }
    },
    "root": {
      "inputs": {
        "explo-src": "explo-src",
        "minimalbase": "minimalbase",
        "nixpkgs": [
          "minimalbase",
          "nixpkgs"
        ]
      }
    }
  },
  "root": "root",
  "version": 7
}
