{
  "nodes": {
    "explo-src": {
      "flake": false,
      "locked": {
        "lastModified": 1781642256,
        "narHash": "sha256-7FIDRNZn+Yh2c/oLU3Ggb4A9y+5q3vv17eVLmGR2Zeo=",
        "owner": "LumePart",
        "repo": "Explo",
        "rev": "0147b7c15c2ad6f3a5679b552cef848a86729eaf",
        "type": "github"
      },
      "original": {
        "owner": "LumePart",
        "ref": "v1.1.2",
        "repo": "Explo",
        "type": "github"
      }
    },
    "minimalbase": {
      "inputs": {
        "nixpkgs": "nixpkgs"
      },
      "locked": {
        "lastModified": 1782265785,
        "narHash": "sha256-nYFisjFW8yYjW5RYn3ark4cBd9DALaxC7iVejHjQxvY=",
        "owner": "nonrootdocker",
        "repo": "minimalbase",
        "rev": "5fb61d590c64f443bc7658ce76520255dbdefca3",
        "type": "github"
      },
      "original": {
        "owner": "nonrootdocker",
        "repo": "minimalbase",
        "type": "github"
      }
    },
    "nixpkgs": {
      "locked": {
        "lastModified": 1782092127,
        "narHash": "sha256-JLv04LY64Xf3QNa2bBwRgCCDwRMQaZlJc4xsAOwEfiU=",
        "owner": "NixOS",
        "repo": "nixpkgs",
        "rev": "42342cbe4e6f9fdf22afb69b611f803c9c5dab67",
        "type": "github"
      },
      "original": {
        "owner": "NixOS",
        "repo": "nixpkgs",
        "type": "github"
      }
    },
    "root": {
      "inputs": {
        "explo-src": "explo-src",
        "minimalbase": "minimalbase",
        "nixpkgs": [
          "minimalbase",
          "nixpkgs"
        ]
      }
    }
  },
  "root": "root",
  "version": 7
}
